<?xml version="1.0" encoding="UTF-8"?>
<!DOCTYPE plist PUBLIC "-//Apple//DTD PLIST 1.0//EN" "http://www.apple.com/DTDs/PropertyList-1.0.dtd">
<plist version="1.0">
<dict>
	<key>archiveVersion</key>
	<string>1</string>
	<key>classes</key>
	<dict/>
	<key>objectVersion</key>
	<string>46</string>
	<key>objects</key>
	<dict>
		<key>129A60434D694D449629204D</key>
		<dict>
			<key>explicitFileType</key>
			<string>archive.ar</string>
			<key>includeInIndex</key>
			<string>0</string>
			<key>isa</key>
			<string>PBXFileReference</string>
			<key>name</key>
			<string>libPods.a</string>
			<key>path</key>
			<string>libPods.a</string>
			<key>sourceTree</key>
			<string>BUILT_PRODUCTS_DIR</string>
		</dict>
		<key>18D1100B54594995A8788E57</key>
		<dict>
			<key>includeInIndex</key>
			<string>1</string>
			<key>isa</key>
			<string>PBXFileReference</string>
			<key>lastKnownFileType</key>
			<string>text.xcconfig</string>
			<key>name</key>
			<string>Pods.xcconfig</string>
			<key>path</key>
			<string>Pods/Pods.xcconfig</string>
			<key>sourceTree</key>
			<string>SOURCE_ROOT</string>
		</dict>
		<key>761B0A7550A74268805E4E2E</key>
		<dict>
			<key>fileRef</key>
			<string>129A60434D694D449629204D</string>
			<key>isa</key>
			<string>PBXBuildFile</string>
		</dict>
		<key>BCF4692B379446B3BAA02465</key>
		<dict>
			<key>buildActionMask</key>
			<string>2147483647</string>
			<key>files</key>
			<array/>
			<key>inputPaths</key>
			<array/>
			<key>isa</key>
			<string>PBXShellScriptBuildPhase</string>
			<key>name</key>
			<string>Copy Pods Resources</string>
			<key>outputPaths</key>
			<array/>
			<key>runOnlyForDeploymentPostprocessing</key>
			<string>0</string>
			<key>shellPath</key>
			<string>/bin/sh</string>
			<key>shellScript</key>
			<string>"${SRCROOT}/Pods/Pods-resources.sh"
</string>
		</dict>
		<key>FBFFCDBC165BECC8004E7ADD</key>
		<dict>
			<key>children</key>
			<array>
				<string>FBFFCDD1165BECC8004E7ADD</string>
				<string>FBFFCDF5165BECC8004E7ADD</string>
				<string>FBFFCDCA165BECC8004E7ADD</string>
				<string>FBFFCDC8165BECC8004E7ADD</string>
				<string>18D1100B54594995A8788E57</string>
			</array>
			<key>isa</key>
			<string>PBXGroup</string>
			<key>sourceTree</key>
			<string>&lt;group&gt;</string>
		</dict>
		<key>FBFFCDBE165BECC8004E7ADD</key>
		<dict>
			<key>attributes</key>
			<dict>
				<key>CLASSPREFIX</key>
				<string>RZ</string>
				<key>LastUpgradeCheck</key>
				<string>0450</string>
				<key>ORGANIZATIONNAME</key>
				<string>Levous, LLC</string>
			</dict>
			<key>buildConfigurationList</key>
			<string>FBFFCDC1165BECC8004E7ADD</string>
			<key>compatibilityVersion</key>
			<string>Xcode 3.2</string>
			<key>developmentRegion</key>
			<string>English</string>
			<key>hasScannedForEncodings</key>
			<string>0</string>
			<key>isa</key>
			<string>PBXProject</string>
			<key>knownRegions</key>
			<array>
				<string>en</string>
			</array>
			<key>mainGroup</key>
			<string>FBFFCDBC165BECC8004E7ADD</string>
			<key>productRefGroup</key>
			<string>FBFFCDC8165BECC8004E7ADD</string>
			<key>projectDirPath</key>
			<string></string>
			<key>projectRoot</key>
			<string></string>
			<key>targets</key>
			<array>
				<string>FBFFCDC6165BECC8004E7ADD</string>
				<string>FBFFCDED165BECC8004E7ADD</string>
			</array>
		</dict>
		<key>FBFFCDC1165BECC8004E7ADD</key>
		<dict>
			<key>buildConfigurations</key>
			<array>
				<string>FBFFCDFE165BECC8004E7ADD</string>
				<string>FBFFCDFF165BECC8004E7ADD</string>
			</array>
			<key>defaultConfigurationIsVisible</key>
			<string>0</string>
			<key>defaultConfigurationName</key>
			<string>Release</string>
			<key>isa</key>
			<string>XCConfigurationList</string>
		</dict>
		<key>FBFFCDC3165BECC8004E7ADD</key>
		<dict>
			<key>buildActionMask</key>
			<string>2147483647</string>
			<key>files</key>
			<array>
				<string>FBFFCDD8165BECC8004E7ADD</string>
				<string>FBFFCDDC165BECC8004E7ADD</string>
				<string>FBFFCDE8165BECC8004E7ADD</string>
			</array>
			<key>isa</key>
			<string>PBXSourcesBuildPhase</string>
			<key>runOnlyForDeploymentPostprocessing</key>
			<string>0</string>
		</dict>
		<key>FBFFCDC4165BECC8004E7ADD</key>
		<dict>
			<key>buildActionMask</key>
			<string>2147483647</string>
			<key>files</key>
			<array>
				<string>FBFFCDCC165BECC8004E7ADD</string>
				<string>FBFFCDCE165BECC8004E7ADD</string>
				<string>FBFFCDD0165BECC8004E7ADD</string>
				<string>761B0A7550A74268805E4E2E</string>
			</array>
			<key>isa</key>
			<string>PBXFrameworksBuildPhase</string>
			<key>runOnlyForDeploymentPostprocessing</key>
			<string>0</string>
		</dict>
		<key>FBFFCDC5165BECC8004E7ADD</key>
		<dict>
			<key>buildActionMask</key>
			<string>2147483647</string>
			<key>files</key>
			<array>
				<string>FBFFCDD6165BECC8004E7ADD</string>
				<string>FBFFCDDE165BECC8004E7ADD</string>
				<string>FBFFCDE0165BECC8004E7ADD</string>
				<string>FBFFCDE2165BECC8004E7ADD</string>
				<string>FBFFCDE5165BECC8004E7ADD</string>
			</array>
			<key>isa</key>
			<string>PBXResourcesBuildPhase</string>
			<key>runOnlyForDeploymentPostprocessing</key>
			<string>0</string>
		</dict>
		<key>FBFFCDC6165BECC8004E7ADD</key>
		<dict>
			<key>buildConfigurationList</key>
			<string>FBFFCE00165BECC8004E7ADD</string>
			<key>buildPhases</key>
			<array>
				<string>FBFFCDC3165BECC8004E7ADD</string>
				<string>FBFFCDC4165BECC8004E7ADD</string>
				<string>FBFFCDC5165BECC8004E7ADD</string>
				<string>BCF4692B379446B3BAA02465</string>
			</array>
			<key>buildRules</key>
			<array/>
			<key>dependencies</key>
			<array/>
			<key>isa</key>
			<string>PBXNativeTarget</string>
			<key>name</key>
			<string>CarApp</string>
			<key>productName</key>
			<string>CarApp</string>
			<key>productReference</key>
			<string>FBFFCDC7165BECC8004E7ADD</string>
			<key>productType</key>
			<string>com.apple.product-type.application</string>
		</dict>
		<key>FBFFCDC7165BECC8004E7ADD</key>
		<dict>
			<key>explicitFileType</key>
			<string>wrapper.application</string>
			<key>includeInIndex</key>
			<string>0</string>
			<key>isa</key>
			<string>PBXFileReference</string>
			<key>name</key>
			<string>CarApp.app</string>
			<key>path</key>
			<string>CarApp.app</string>
			<key>sourceTree</key>
			<string>BUILT_PRODUCTS_DIR</string>
		</dict>
		<key>FBFFCDC8165BECC8004E7ADD</key>
		<dict>
			<key>children</key>
			<array>
				<string>FBFFCDC7165BECC8004E7ADD</string>
				<string>FBFFCDEE165BECC8004E7ADD</string>
			</array>
			<key>isa</key>
			<string>PBXGroup</string>
			<key>name</key>
			<string>Products</string>
			<key>sourceTree</key>
			<string>&lt;group&gt;</string>
		</dict>
		<key>FBFFCDCA165BECC8004E7ADD</key>
		<dict>
			<key>children</key>
			<array>
				<string>FBFFCDCB165BECC8004E7ADD</string>
				<string>FBFFCDCD165BECC8004E7ADD</string>
				<string>FBFFCDCF165BECC8004E7ADD</string>
				<string>FBFFCDEF165BECC8004E7ADD</string>
				<string>129A60434D694D449629204D</string>
			</array>
			<key>isa</key>
			<string>PBXGroup</string>
			<key>name</key>
			<string>Frameworks</string>
			<key>sourceTree</key>
			<string>&lt;group&gt;</string>
		</dict>
		<key>FBFFCDCB165BECC8004E7ADD</key>
		<dict>
			<key>includeInIndex</key>
			<string>1</string>
			<key>isa</key>
			<string>PBXFileReference</string>
			<key>lastKnownFileType</key>
			<string>wrapper.framework</string>
			<key>name</key>
			<string>UIKit.framework</string>
			<key>path</key>
			<string>System/Library/Frameworks/UIKit.framework</string>
			<key>sourceTree</key>
			<string>SDKROOT</string>
		</dict>
		<key>FBFFCDCC165BECC8004E7ADD</key>
		<dict>
			<key>fileRef</key>
			<string>FBFFCDCB165BECC8004E7ADD</string>
			<key>isa</key>
			<string>PBXBuildFile</string>
		</dict>
		<key>FBFFCDCD165BECC8004E7ADD</key>
		<dict>
			<key>includeInIndex</key>
			<string>1</string>
			<key>isa</key>
			<string>PBXFileReference</string>
			<key>lastKnownFileType</key>
			<string>wrapper.framework</string>
			<key>name</key>
			<string>Foundation.framework</string>
			<key>path</key>
			<string>System/Library/Frameworks/Foundation.framework</string>
			<key>sourceTree</key>
			<string>SDKROOT</string>
		</dict>
		<key>FBFFCDCE165BECC8004E7ADD</key>
		<dict>
			<key>fileRef</key>
			<string>FBFFCDCD165BECC8004E7ADD</string>
			<key>isa</key>
			<string>PBXBuildFile</string>
		</dict>
		<key>FBFFCDCF165BECC8004E7ADD</key>
		<dict>
			<key>includeInIndex</key>
			<string>1</string>
			<key>isa</key>
			<string>PBXFileReference</string>
			<key>lastKnownFileType</key>
			<string>wrapper.framework</string>
			<key>name</key>
			<string>CoreGraphics.framework</string>
			<key>path</key>
			<string>System/Library/Frameworks/CoreGraphics.framework</string>
			<key>sourceTree</key>
			<string>SDKROOT</string>
		</dict>
		<key>FBFFCDD0165BECC8004E7ADD</key>
		<dict>
			<key>fileRef</key>
			<string>FBFFCDCF165BECC8004E7ADD</string>
			<key>isa</key>
			<string>PBXBuildFile</string>
		</dict>
		<key>FBFFCDD1165BECC8004E7ADD</key>
		<dict>
			<key>children</key>
			<array>
				<string>FBFFCDDA165BECC8004E7ADD</string>
				<string>FBFFCDDB165BECC8004E7ADD</string>
				<string>FBFFCDE3165BECC8004E7ADD</string>
				<string>FBFFCDE6165BECC8004E7ADD</string>
				<string>FBFFCDE7165BECC8004E7ADD</string>
				<string>FBFFCDD2165BECC8004E7ADD</string>
			</array>
			<key>isa</key>
			<string>PBXGroup</string>
			<key>path</key>
			<string>CarApp</string>
			<key>sourceTree</key>
			<string>&lt;group&gt;</string>
		</dict>
		<key>FBFFCDD2165BECC8004E7ADD</key>
		<dict>
			<key>children</key>
			<array>
				<string>FBFFCDD3165BECC8004E7ADD</string>
				<string>FBFFCDD4165BECC8004E7ADD</string>
				<string>FBFFCDD7165BECC8004E7ADD</string>
				<string>FBFFCDD9165BECC8004E7ADD</string>
				<string>FBFFCDDD165BECC8004E7ADD</string>
				<string>FBFFCDDF165BECC8004E7ADD</string>
				<string>FBFFCDE1165BECC8004E7ADD</string>
			</array>
			<key>isa</key>
			<string>PBXGroup</string>
			<key>name</key>
			<string>Supporting Files</string>
			<key>sourceTree</key>
			<string>&lt;group&gt;</string>
		</dict>
		<key>FBFFCDD3165BECC8004E7ADD</key>
		<dict>
			<key>isa</key>
			<string>PBXFileReference</string>
			<key>lastKnownFileType</key>
			<string>text.plist.xml</string>
			<key>path</key>
			<string>CarApp-Info.plist</string>
			<key>sourceTree</key>
			<string>&lt;group&gt;</string>
		</dict>
		<key>FBFFCDD4165BECC8004E7ADD</key>
		<dict>
			<key>children</key>
			<array>
				<string>FBFFCDD5165BECC8004E7ADD</string>
			</array>
			<key>isa</key>
			<string>PBXVariantGroup</string>
			<key>name</key>
			<string>InfoPlist.strings</string>
			<key>sourceTree</key>
			<string>&lt;group&gt;</string>
		</dict>
		<key>FBFFCDD5165BECC8004E7ADD</key>
		<dict>
			<key>isa</key>
			<string>PBXFileReference</string>
			<key>lastKnownFileType</key>
			<string>text.plist.strings</string>
			<key>name</key>
			<string>en</string>
			<key>path</key>
			<string>en.lproj/InfoPlist.strings</string>
			<key>sourceTree</key>
			<string>&lt;group&gt;</string>
		</dict>
		<key>FBFFCDD6165BECC8004E7ADD</key>
		<dict>
			<key>fileRef</key>
			<string>FBFFCDD4165BECC8004E7ADD</string>
			<key>isa</key>
			<string>PBXBuildFile</string>
		</dict>
		<key>FBFFCDD7165BECC8004E7ADD</key>
		<dict>
			<key>isa</key>
			<string>PBXFileReference</string>
			<key>lastKnownFileType</key>
			<string>sourcecode.c.objc</string>
			<key>path</key>
			<string>main.m</string>
			<key>sourceTree</key>
			<string>&lt;group&gt;</string>
		</dict>
		<key>FBFFCDD8165BECC8004E7ADD</key>
		<dict>
			<key>fileRef</key>
			<string>FBFFCDD7165BECC8004E7ADD</string>
			<key>isa</key>
			<string>PBXBuildFile</string>
		</dict>
		<key>FBFFCDD9165BECC8004E7ADD</key>
		<dict>
			<key>isa</key>
			<string>PBXFileReference</string>
			<key>lastKnownFileType</key>
			<string>sourcecode.c.h</string>
			<key>path</key>
			<string>CarApp-Prefix.pch</string>
			<key>sourceTree</key>
			<string>&lt;group&gt;</string>
		</dict>
		<key>FBFFCDDA165BECC8004E7ADD</key>
		<dict>
			<key>isa</key>
			<string>PBXFileReference</string>
			<key>lastKnownFileType</key>
			<string>sourcecode.c.h</string>
			<key>path</key>
			<string>RZAppDelegate.h</string>
			<key>sourceTree</key>
			<string>&lt;group&gt;</string>
		</dict>
		<key>FBFFCDDB165BECC8004E7ADD</key>
		<dict>
			<key>isa</key>
			<string>PBXFileReference</string>
			<key>lastKnownFileType</key>
			<string>sourcecode.c.objc</string>
			<key>path</key>
			<string>RZAppDelegate.m</string>
			<key>sourceTree</key>
			<string>&lt;group&gt;</string>
		</dict>
		<key>FBFFCDDC165BECC8004E7ADD</key>
		<dict>
			<key>fileRef</key>
			<string>FBFFCDDB165BECC8004E7ADD</string>
			<key>isa</key>
			<string>PBXBuildFile</string>
		</dict>
		<key>FBFFCDDD165BECC8004E7ADD</key>
		<dict>
			<key>isa</key>
			<string>PBXFileReference</string>
			<key>lastKnownFileType</key>
			<string>image.png</string>
			<key>path</key>
			<string>Default.png</string>
			<key>sourceTree</key>
			<string>&lt;group&gt;</string>
		</dict>
		<key>FBFFCDDE165BECC8004E7ADD</key>
		<dict>
			<key>fileRef</key>
			<string>FBFFCDDD165BECC8004E7ADD</string>
			<key>isa</key>
			<string>PBXBuildFile</string>
		</dict>
		<key>FBFFCDDF165BECC8004E7ADD</key>
		<dict>
			<key>isa</key>
			<string>PBXFileReference</string>
			<key>lastKnownFileType</key>
			<string>image.png</string>
			<key>path</key>
			<string>Default@2x.png</string>
			<key>sourceTree</key>
			<string>&lt;group&gt;</string>
		</dict>
		<key>FBFFCDE0165BECC8004E7ADD</key>
		<dict>
			<key>fileRef</key>
			<string>FBFFCDDF165BECC8004E7ADD</string>
			<key>isa</key>
			<string>PBXBuildFile</string>
		</dict>
		<key>FBFFCDE1165BECC8004E7ADD</key>
		<dict>
			<key>isa</key>
			<string>PBXFileReference</string>
			<key>lastKnownFileType</key>
			<string>image.png</string>
			<key>path</key>
			<string>Default-568h@2x.png</string>
			<key>sourceTree</key>
			<string>&lt;group&gt;</string>
		</dict>
		<key>FBFFCDE2165BECC8004E7ADD</key>
		<dict>
			<key>fileRef</key>
			<string>FBFFCDE1165BECC8004E7ADD</string>
			<key>isa</key>
			<string>PBXBuildFile</string>
		</dict>
		<key>FBFFCDE3165BECC8004E7ADD</key>
		<dict>
			<key>children</key>
			<array>
				<string>FBFFCDE4165BECC8004E7ADD</string>
			</array>
			<key>isa</key>
			<string>PBXVariantGroup</string>
			<key>name</key>
			<string>MainStoryboard.storyboard</string>
			<key>sourceTree</key>
			<string>&lt;group&gt;</string>
		</dict>
		<key>FBFFCDE4165BECC8004E7ADD</key>
		<dict>
			<key>isa</key>
			<string>PBXFileReference</string>
			<key>lastKnownFileType</key>
			<string>file.storyboard</string>
			<key>name</key>
			<string>en</string>
			<key>path</key>
			<string>en.lproj/MainStoryboard.storyboard</string>
			<key>sourceTree</key>
			<string>&lt;group&gt;</string>
		</dict>
		<key>FBFFCDE5165BECC8004E7ADD</key>
		<dict>
			<key>fileRef</key>
			<string>FBFFCDE3165BECC8004E7ADD</string>
			<key>isa</key>
			<string>PBXBuildFile</string>
		</dict>
		<key>FBFFCDE6165BECC8004E7ADD</key>
		<dict>
			<key>isa</key>
			<string>PBXFileReference</string>
			<key>lastKnownFileType</key>
			<string>sourcecode.c.h</string>
			<key>path</key>
			<string>RZViewController.h</string>
			<key>sourceTree</key>
			<string>&lt;group&gt;</string>
		</dict>
		<key>FBFFCDE7165BECC8004E7ADD</key>
		<dict>
			<key>isa</key>
			<string>PBXFileReference</string>
			<key>lastKnownFileType</key>
			<string>sourcecode.c.objc</string>
			<key>path</key>
			<string>RZViewController.m</string>
			<key>sourceTree</key>
			<string>&lt;group&gt;</string>
		</dict>
		<key>FBFFCDE8165BECC8004E7ADD</key>
		<dict>
			<key>fileRef</key>
			<string>FBFFCDE7165BECC8004E7ADD</string>
			<key>isa</key>
			<string>PBXBuildFile</string>
		</dict>
		<key>FBFFCDE9165BECC8004E7ADD</key>
		<dict>
			<key>buildActionMask</key>
			<string>2147483647</string>
			<key>files</key>
			<array>
				<string>FBFFCDFD165BECC8004E7ADD</string>
			</array>
			<key>isa</key>
			<string>PBXSourcesBuildPhase</string>
			<key>runOnlyForDeploymentPostprocessing</key>
			<string>0</string>
		</dict>
		<key>FBFFCDEA165BECC8004E7ADD</key>
		<dict>
			<key>buildActionMask</key>
			<string>2147483647</string>
			<key>files</key>
			<array>
				<string>FBFFCDF0165BECC8004E7ADD</string>
				<string>FBFFCDF1165BECC8004E7ADD</string>
				<string>FBFFCDF2165BECC8004E7ADD</string>
			</array>
			<key>isa</key>
			<string>PBXFrameworksBuildPhase</string>
			<key>runOnlyForDeploymentPostprocessing</key>
			<string>0</string>
		</dict>
		<key>FBFFCDEB165BECC8004E7ADD</key>
		<dict>
			<key>buildActionMask</key>
			<string>2147483647</string>
			<key>files</key>
			<array>
				<string>FBFFCDFA165BECC8004E7ADD</string>
			</array>
			<key>isa</key>
			<string>PBXResourcesBuildPhase</string>
			<key>runOnlyForDeploymentPostprocessing</key>
			<string>0</string>
		</dict>
		<key>FBFFCDEC165BECC8004E7ADD</key>
		<dict>
			<key>buildActionMask</key>
			<string>2147483647</string>
			<key>files</key>
			<array/>
			<key>inputPaths</key>
			<array/>
			<key>isa</key>
			<string>PBXShellScriptBuildPhase</string>
			<key>outputPaths</key>
			<array/>
			<key>runOnlyForDeploymentPostprocessing</key>
			<string>0</string>
			<key>shellPath</key>
			<string>/bin/sh</string>
			<key>shellScript</key>
			<string># Run the unit tests in this test bundle.
"${SYSTEM_DEVELOPER_DIR}/Tools/RunUnitTests"
</string>
		</dict>
		<key>FBFFCDED165BECC8004E7ADD</key>
		<dict>
			<key>buildConfigurationList</key>
			<string>FBFFCE03165BECC8004E7ADD</string>
			<key>buildPhases</key>
			<array>
				<string>FBFFCDE9165BECC8004E7ADD</string>
				<string>FBFFCDEA165BECC8004E7ADD</string>
				<string>FBFFCDEB165BECC8004E7ADD</string>
				<string>FBFFCDEC165BECC8004E7ADD</string>
			</array>
			<key>buildRules</key>
			<array/>
			<key>dependencies</key>
			<array>
				<string>FBFFCDF4165BECC8004E7ADD</string>
			</array>
			<key>isa</key>
			<string>PBXNativeTarget</string>
			<key>name</key>
			<string>CarAppTests</string>
			<key>productName</key>
			<string>CarAppTests</string>
			<key>productReference</key>
			<string>FBFFCDEE165BECC8004E7ADD</string>
			<key>productType</key>
			<string>com.apple.product-type.bundle</string>
		</dict>
		<key>FBFFCDEE165BECC8004E7ADD</key>
		<dict>
			<key>explicitFileType</key>
			<string>wrapper.cfbundle</string>
			<key>includeInIndex</key>
			<string>0</string>
			<key>isa</key>
			<string>PBXFileReference</string>
			<key>name</key>
			<string>CarAppTests.octest</string>
			<key>path</key>
			<string>CarAppTests.octest</string>
			<key>sourceTree</key>
			<string>BUILT_PRODUCTS_DIR</string>
		</dict>
		<key>FBFFCDEF165BECC8004E7ADD</key>
		<dict>
			<key>isa</key>
			<string>PBXFileReference</string>
			<key>lastKnownFileType</key>
			<string>wrapper.framework</string>
			<key>name</key>
			<string>SenTestingKit.framework</string>
			<key>path</key>
			<string>Library/Frameworks/SenTestingKit.framework</string>
			<key>sourceTree</key>
			<string>DEVELOPER_DIR</string>
		</dict>
		<key>FBFFCDF0165BECC8004E7ADD</key>
		<dict>
			<key>fileRef</key>
			<string>FBFFCDEF165BECC8004E7ADD</string>
			<key>isa</key>
			<string>PBXBuildFile</string>
		</dict>
		<key>FBFFCDF1165BECC8004E7ADD</key>
		<dict>
			<key>fileRef</key>
			<string>FBFFCDCB165BECC8004E7ADD</string>
			<key>isa</key>
			<string>PBXBuildFile</string>
		</dict>
		<key>FBFFCDF2165BECC8004E7ADD</key>
		<dict>
			<key>fileRef</key>
			<string>FBFFCDCD165BECC8004E7ADD</string>
			<key>isa</key>
			<string>PBXBuildFile</string>
		</dict>
		<key>FBFFCDF3165BECC8004E7ADD</key>
		<dict>
			<key>containerPortal</key>
			<string>FBFFCDBE165BECC8004E7ADD</string>
			<key>isa</key>
			<string>PBXContainerItemProxy</string>
			<key>proxyType</key>
			<string>1</string>
			<key>remoteGlobalIDString</key>
			<string>FBFFCDC6165BECC8004E7ADD</string>
			<key>remoteInfo</key>
			<string>CarApp</string>
		</dict>
		<key>FBFFCDF4165BECC8004E7ADD</key>
		<dict>
			<key>isa</key>
			<string>PBXTargetDependency</string>
			<key>target</key>
			<string>FBFFCDC6165BECC8004E7ADD</string>
			<key>targetProxy</key>
			<string>FBFFCDF3165BECC8004E7ADD</string>
		</dict>
		<key>FBFFCDF5165BECC8004E7ADD</key>
		<dict>
			<key>children</key>
			<array>
				<string>FBFFCDFB165BECC8004E7ADD</string>
				<string>FBFFCDFC165BECC8004E7ADD</string>
				<string>FBFFCDF6165BECC8004E7ADD</string>
			</array>
			<key>isa</key>
			<string>PBXGroup</string>
			<key>path</key>
			<string>CarAppTests</string>
			<key>sourceTree</key>
			<string>&lt;group&gt;</string>
		</dict>
		<key>FBFFCDF6165BECC8004E7ADD</key>
		<dict>
			<key>children</key>
			<array>
				<string>FBFFCDF7165BECC8004E7ADD</string>
				<string>FBFFCDF8165BECC8004E7ADD</string>
			</array>
			<key>isa</key>
			<string>PBXGroup</string>
			<key>name</key>
			<string>Supporting Files</string>
			<key>sourceTree</key>
			<string>&lt;group&gt;</string>
		</dict>
		<key>FBFFCDF7165BECC8004E7ADD</key>
		<dict>
			<key>isa</key>
			<string>PBXFileReference</string>
			<key>lastKnownFileType</key>
			<string>text.plist.xml</string>
			<key>path</key>
			<string>CarAppTests-Info.plist</string>
			<key>sourceTree</key>
			<string>&lt;group&gt;</string>
		</dict>
		<key>FBFFCDF8165BECC8004E7ADD</key>
		<dict>
			<key>children</key>
			<array>
				<string>FBFFCDF9165BECC8004E7ADD</string>
			</array>
			<key>isa</key>
			<string>PBXVariantGroup</string>
			<key>name</key>
			<string>InfoPlist.strings</string>
			<key>sourceTree</key>
			<string>&lt;group&gt;</string>
		</dict>
		<key>FBFFCDF9165BECC8004E7ADD</key>
		<dict>
			<key>isa</key>
			<string>PBXFileReference</string>
			<key>lastKnownFileType</key>
			<string>text.plist.strings</string>
			<key>name</key>
			<string>en</string>
			<key>path</key>
			<string>en.lproj/InfoPlist.strings</string>
			<key>sourceTree</key>
			<string>&lt;group&gt;</string>
		</dict>
		<key>FBFFCDFA165BECC8004E7ADD</key>
		<dict>
			<key>fileRef</key>
			<string>FBFFCDF8165BECC8004E7ADD</string>
			<key>isa</key>
			<string>PBXBuildFile</string>
		</dict>
		<key>FBFFCDFB165BECC8004E7ADD</key>
		<dict>
			<key>isa</key>
			<string>PBXFileReference</string>
			<key>lastKnownFileType</key>
			<string>sourcecode.c.h</string>
			<key>path</key>
			<string>CarAppTests.h</string>
			<key>sourceTree</key>
			<string>&lt;group&gt;</string>
		</dict>
		<key>FBFFCDFC165BECC8004E7ADD</key>
		<dict>
			<key>isa</key>
			<string>PBXFileReference</string>
			<key>lastKnownFileType</key>
			<string>sourcecode.c.objc</string>
			<key>path</key>
			<string>CarAppTests.m</string>
			<key>sourceTree</key>
			<string>&lt;group&gt;</string>
		</dict>
		<key>FBFFCDFD165BECC8004E7ADD</key>
		<dict>
			<key>fileRef</key>
			<string>FBFFCDFC165BECC8004E7ADD</string>
			<key>isa</key>
			<string>PBXBuildFile</string>
		</dict>
		<key>FBFFCDFE165BECC8004E7ADD</key>
		<dict>
			<key>buildSettings</key>
			<dict>
				<key>ALWAYS_SEARCH_USER_PATHS</key>
				<string>NO</string>
				<key>CLANG_CXX_LANGUAGE_STANDARD</key>
				<string>gnu++0x</string>
				<key>CLANG_CXX_LIBRARY</key>
				<string>libc++</string>
				<key>CLANG_ENABLE_OBJC_ARC</key>
				<string>YES</string>
				<key>CLANG_WARN_EMPTY_BODY</key>
				<string>YES</string>
				<key>CLANG_WARN__DUPLICATE_METHOD_MATCH</key>
				<string>YES</string>
				<key>CODE_SIGN_IDENTITY[sdk=iphoneos*]</key>
				<string>iPhone Developer</string>
				<key>COPY_PHASE_STRIP</key>
				<string>NO</string>
				<key>GCC_C_LANGUAGE_STANDARD</key>
				<string>gnu99</string>
				<key>GCC_DYNAMIC_NO_PIC</key>
				<string>NO</string>
				<key>GCC_OPTIMIZATION_LEVEL</key>
				<string>0</string>
				<key>GCC_PREPROCESSOR_DEFINITIONS</key>
				<array>
					<string>DEBUG=1</string>
					<string>$(inherited)</string>
				</array>
				<key>GCC_SYMBOLS_PRIVATE_EXTERN</key>
				<string>NO</string>
				<key>GCC_WARN_ABOUT_RETURN_TYPE</key>
				<string>YES</string>
				<key>GCC_WARN_UNINITIALIZED_AUTOS</key>
				<string>YES</string>
				<key>GCC_WARN_UNUSED_VARIABLE</key>
				<string>YES</string>
				<key>HEADER_SEARCH_PATHS</key>
				<string>$(BUILT_PRODUCTS_DIR)/**</string>
				<key>IPHONEOS_DEPLOYMENT_TARGET</key>
				<string>6.0</string>
				<key>ONLY_ACTIVE_ARCH</key>
				<string>YES</string>
				<key>SDKROOT</key>
				<string>iphoneos</string>
			</dict>
			<key>isa</key>
			<string>XCBuildConfiguration</string>
			<key>name</key>
			<string>Debug</string>
		</dict>
		<key>FBFFCDFF165BECC8004E7ADD</key>
		<dict>
			<key>buildSettings</key>
			<dict>
				<key>ALWAYS_SEARCH_USER_PATHS</key>
				<string>NO</string>
				<key>CLANG_CXX_LANGUAGE_STANDARD</key>
				<string>gnu++0x</string>
				<key>CLANG_CXX_LIBRARY</key>
				<string>libc++</string>
				<key>CLANG_ENABLE_OBJC_ARC</key>
				<string>YES</string>
				<key>CLANG_WARN_EMPTY_BODY</key>
				<string>YES</string>
				<key>CLANG_WARN__DUPLICATE_METHOD_MATCH</key>
				<string>YES</string>
				<key>CODE_SIGN_IDENTITY[sdk=iphoneos*]</key>
				<string>iPhone Developer</string>
				<key>COPY_PHASE_STRIP</key>
				<string>YES</string>
				<key>GCC_C_LANGUAGE_STANDARD</key>
				<string>gnu99</string>
				<key>GCC_WARN_ABOUT_RETURN_TYPE</key>
				<string>YES</string>
				<key>GCC_WARN_UNINITIALIZED_AUTOS</key>
				<string>YES</string>
				<key>GCC_WARN_UNUSED_VARIABLE</key>
				<string>YES</string>
				<key>HEADER_SEARCH_PATHS</key>
				<string>$(BUILT_PRODUCTS_DIR)/**</string>
				<key>IPHONEOS_DEPLOYMENT_TARGET</key>
				<string>6.0</string>
				<key>OTHER_CFLAGS</key>
				<string>-DNS_BLOCK_ASSERTIONS=1</string>
				<key>SDKROOT</key>
				<string>iphoneos</string>
				<key>VALIDATE_PRODUCT</key>
				<string>YES</string>
			</dict>
			<key>isa</key>
			<string>XCBuildConfiguration</string>
			<key>name</key>
			<string>Release</string>
		</dict>
		<key>FBFFCE00165BECC8004E7ADD</key>
		<dict>
			<key>buildConfigurations</key>
			<array>
				<string>FBFFCE01165BECC8004E7ADD</string>
				<string>FBFFCE02165BECC8004E7ADD</string>
			</array>
			<key>defaultConfigurationIsVisible</key>
			<string>0</string>
			<key>defaultConfigurationName</key>
			<string>Release</string>
			<key>isa</key>
			<string>XCConfigurationList</string>
		</dict>
		<key>FBFFCE01165BECC8004E7ADD</key>
		<dict>
			<key>baseConfigurationReference</key>
			<string>18D1100B54594995A8788E57</string>
			<key>buildSettings</key>
			<dict>
				<key>GCC_PRECOMPILE_PREFIX_HEADER</key>
				<string>YES</string>
				<key>GCC_PREFIX_HEADER</key>
				<string>CarApp/CarApp-Prefix.pch</string>
				<key>HEADER_SEARCH_PATHS</key>
				<string>$(inherited)</string>
				<key>INFOPLIST_FILE</key>
				<string>CarApp/CarApp-Info.plist</string>
				<key>PRODUCT_NAME</key>
				<string>$(TARGET_NAME)</string>
				<key>WRAPPER_EXTENSION</key>
				<string>app</string>
			</dict>
			<key>isa</key>
			<string>XCBuildConfiguration</string>
			<key>name</key>
			<string>Debug</string>
		</dict>
		<key>FBFFCE02165BECC8004E7ADD</key>
		<dict>
			<key>baseConfigurationReference</key>
			<string>18D1100B54594995A8788E57</string>
			<key>buildSettings</key>
			<dict>
				<key>GCC_PRECOMPILE_PREFIX_HEADER</key>
				<string>YES</string>
				<key>GCC_PREFIX_HEADER</key>
				<string>CarApp/CarApp-Prefix.pch</string>
				<key>HEADER_SEARCH_PATHS</key>
				<string>$(inherited)</string>
				<key>INFOPLIST_FILE</key>
				<string>CarApp/CarApp-Info.plist</string>
				<key>PRODUCT_NAME</key>
				<string>$(TARGET_NAME)</string>
				<key>WRAPPER_EXTENSION</key>
				<string>app</string>
			</dict>
			<key>isa</key>
			<string>XCBuildConfiguration</string>
			<key>name</key>
			<string>Release</string>
		</dict>
		<key>FBFFCE03165BECC8004E7ADD</key>
		<dict>
			<key>buildConfigurations</key>
			<array>
				<string>FBFFCE04165BECC8004E7ADD</string>
				<string>FBFFCE05165BECC8004E7ADD</string>
			</array>
			<key>defaultConfigurationIsVisible</key>
			<string>0</string>
			<key>defaultConfigurationName</key>
			<string>Release</string>
			<key>isa</key>
			<string>XCConfigurationList</string>
		</dict>
		<key>FBFFCE04165BECC8004E7ADD</key>
		<dict>
			<key>buildSettings</key>
			<dict>
				<key>BUNDLE_LOADER</key>
				<string>$(BUILT_PRODUCTS_DIR)/CarApp.app/CarApp</string>
				<key>FRAMEWORK_SEARCH_PATHS</key>
				<array>
					<string>"$(SDKROOT)/Developer/Library/Frameworks"</string>
					<string>"$(DEVELOPER_LIBRARY_DIR)/Frameworks"</string>
				</array>
				<key>GCC_PRECOMPILE_PREFIX_HEADER</key>
				<string>YES</string>
				<key>GCC_PREFIX_HEADER</key>
				<string>CarApp/CarApp-Prefix.pch</string>
				<key>INFOPLIST_FILE</key>
				<string>CarAppTests/CarAppTests-Info.plist</string>
				<key>PRODUCT_NAME</key>
				<string>$(TARGET_NAME)</string>
				<key>TEST_HOST</key>
				<string>$(BUNDLE_LOADER)</string>
				<key>WRAPPER_EXTENSION</key>
				<string>octest</string>
			</dict>
			<key>isa</key>
			<string>XCBuildConfiguration</string>
			<key>name</key>
			<string>Debug</string>
		</dict>
		<key>FBFFCE05165BECC8004E7ADD</key>
		<dict>
			<key>buildSettings</key>
			<dict>
				<key>BUNDLE_LOADER</key>
				<string>$(BUILT_PRODUCTS_DIR)/CarApp.app/CarApp</string>
				<key>FRAMEWORK_SEARCH_PATHS</key>
				<array>
					<string>"$(SDKROOT)/Developer/Library/Frameworks"</string>
					<string>"$(DEVELOPER_LIBRARY_DIR)/Frameworks"</string>
				</array>
				<key>GCC_PRECOMPILE_PREFIX_HEADER</key>
				<string>YES</string>
				<key>GCC_PREFIX_HEADER</key>
				<string>CarApp/CarApp-Prefix.pch</string>
				<key>INFOPLIST_FILE</key>
				<string>CarAppTests/CarAppTests-Info.plist</string>
				<key>PRODUCT_NAME</key>
				<string>$(TARGET_NAME)</string>
				<key>TEST_HOST</key>
				<string>$(BUNDLE_LOADER)</string>
				<key>WRAPPER_EXTENSION</key>
				<string>octest</string>
			</dict>
			<key>isa</key>
			<string>XCBuildConfiguration</string>
			<key>name</key>
			<string>Release</string>
		</dict>
	</dict>
	<key>rootObject</key>
	<string>FBFFCDBE165BECC8004E7ADD</string>
</dict>
</plist>
